{
  "name": "scriptable",
  "version": "1.0.0",
  "lockfileVersion": 3,
  "requires": true,
  "packages": {
    "": {
      "name": "scriptable",
      "version": "1.0.0",
      "license": "ISC",
      "dependencies": {
        "@types/scriptable-ios": "^1.7.7"
      }
    },
    "node_modules/@types/scriptable-ios": {
      "version": "1.7.7",
      "resolved": "https://registry.npmmirror.com/@types/scriptable-ios/-/scriptable-ios-1.7.7.tgz",
      "integrity": "sha512-C8fVbbbxRcHlIAbZot+qNDlfk4JAOEpMCNLjn0byRbY4vtLRSY/OgnnVqwjCqPDpp3SNt6EC5K12tql26QACsA=="
    }
  }
}
